// !$*UTF8*$!
{
	archiveVersion = 1;
	classes = {
	};
	objectVersion = 50;
	objects = {

/* Begin PBXBuildFile section */
		5753410B25EDE35000AAB200 /* Assets.xcassets in Resources */ = {isa = PBXBuildFile; fileRef = 5753410A25EDE34F00AAB200 /* Assets.xcassets */; };
		5753411025EE60E000AAB200 /* FoodViewController.swift in Sources */ = {isa = PBXBuildFile; fileRef = 5753410F25EE60E000AAB200 /* FoodViewController.swift */; };
		5753411325EE60F100AAB200 /* MyOrderViewController.swift in Sources */ = {isa = PBXBuildFile; fileRef = 5753411225EE60F100AAB200 /* MyOrderViewController.swift */; };
		5753411625EE611D00AAB200 /* ProfileViewController.swift in Sources */ = {isa = PBXBuildFile; fileRef = 5753411525EE611D00AAB200 /* ProfileViewController.swift */; };
		5753411C25EE629C00AAB200 /* FoodItemViewCell.swift in Sources */ = {isa = PBXBuildFile; fileRef = 5753411A25EE629C00AAB200 /* FoodItemViewCell.swift */; };
		5753411D25EE629C00AAB200 /* FoodItemViewCell.xib in Resources */ = {isa = PBXBuildFile; fileRef = 5753411B25EE629C00AAB200 /* FoodItemViewCell.xib */; };
		5753412025EE6BE500AAB200 /* Models.swift in Sources */ = {isa = PBXBuildFile; fileRef = 5753411F25EE6BE500AAB200 /* Models.swift */; };
		5753412425EE8E5E00AAB200 /* CategoryViewCell.swift in Sources */ = {isa = PBXBuildFile; fileRef = 5753412225EE8E5E00AAB200 /* CategoryViewCell.swift */; };
		5753412525EE8E5E00AAB200 /* CategoryViewCell.xib in Resources */ = {isa = PBXBuildFile; fileRef = 5753412325EE8E5E00AAB200 /* CategoryViewCell.xib */; };
		5761261C25F303FC00FD98FE /* CartItemViewCell.swift in Sources */ = {isa = PBXBuildFile; fileRef = 5761261A25F303FC00FD98FE /* CartItemViewCell.swift */; };
		5761261D25F303FC00FD98FE /* CartItemViewCell.xib in Resources */ = {isa = PBXBuildFile; fileRef = 5761261B25F303FC00FD98FE /* CartItemViewCell.xib */; };
		5761262125F30DA300FD98FE /* CartViewController.swift in Sources */ = {isa = PBXBuildFile; fileRef = 5761262025F30DA300FD98FE /* CartViewController.swift */; };
		5761262A25F4AB7900FD98FE /* MyOrderViewCell.swift in Sources */ = {isa = PBXBuildFile; fileRef = 5761262825F4AB7900FD98FE /* MyOrderViewCell.swift */; };
		5761262B25F4AB7900FD98FE /* MyOrderViewCell.xib in Resources */ = {isa = PBXBuildFile; fileRef = 5761262925F4AB7900FD98FE /* MyOrderViewCell.xib */; };
		5761263125F4D44F00FD98FE /* orderSummeryViewCell.swift in Sources */ = {isa = PBXBuildFile; fileRef = 5761262F25F4D44F00FD98FE /* orderSummeryViewCell.swift */; };
		5761263225F4D44F00FD98FE /* orderSummeryViewCell.xib in Resources */ = {isa = PBXBuildFile; fileRef = 5761263025F4D44F00FD98FE /* orderSummeryViewCell.xib */; };
		5777293B25E8E67200EA0507 /* AppDelegate.swift in Sources */ = {isa = PBXBuildFile; fileRef = 5777293A25E8E67200EA0507 /* AppDelegate.swift */; };
		5777293D25E8E67200EA0507 /* SceneDelegate.swift in Sources */ = {isa = PBXBuildFile; fileRef = 5777293C25E8E67200EA0507 /* SceneDelegate.swift */; };
		5777293F25E8E67200EA0507 /* SignInViewController.swift in Sources */ = {isa = PBXBuildFile; fileRef = 5777293E25E8E67200EA0507 /* SignInViewController.swift */; };
		5777294225E8E67200EA0507 /* Main.storyboard in Resources */ = {isa = PBXBuildFile; fileRef = 5777294025E8E67200EA0507 /* Main.storyboard */; };
		5777294725E8E67200EA0507 /* LaunchScreen.storyboard in Resources */ = {isa = PBXBuildFile; fileRef = 5777294525E8E67200EA0507 /* LaunchScreen.storyboard */; };
		5777295525E8F25900EA0507 /* Montserrat-Regular.ttf in Resources */ = {isa = PBXBuildFile; fileRef = 5777295125E8F25900EA0507 /* Montserrat-Regular.ttf */; };
		5777295625E8F25900EA0507 /* Montserrat-SemiBold.ttf in Resources */ = {isa = PBXBuildFile; fileRef = 5777295225E8F25900EA0507 /* Montserrat-SemiBold.ttf */; };
		5777295725E8F25900EA0507 /* Montserrat-Medium.ttf in Resources */ = {isa = PBXBuildFile; fileRef = 5777295325E8F25900EA0507 /* Montserrat-Medium.ttf */; };
		5777295825E8F25900EA0507 /* Montserrat-Bold.ttf in Resources */ = {isa = PBXBuildFile; fileRef = 5777295425E8F25900EA0507 /* Montserrat-Bold.ttf */; };
		57D880B825EDD73000D41838 /* SignUpViewController.swift in Sources */ = {isa = PBXBuildFile; fileRef = 57D880B725EDD73000D41838 /* SignUpViewController.swift */; };
		57D880BB25EDD76000D41838 /* AllowLocationViewController.swift in Sources */ = {isa = PBXBuildFile; fileRef = 57D880BA25EDD76000D41838 /* AllowLocationViewController.swift */; };
		57D880BE25EDD78600D41838 /* FoodDetailsViewController.swift in Sources */ = {isa = PBXBuildFile; fileRef = 57D880BD25EDD78600D41838 /* FoodDetailsViewController.swift */; };
/* End PBXBuildFile section */

/* Begin PBXFileReference section */
		5753410A25EDE34F00AAB200 /* Assets.xcassets */ = {isa = PBXFileReference; lastKnownFileType = folder.assetcatalog; path = Assets.xcassets; sourceTree = SOURCE_ROOT; };
		5753410F25EE60E000AAB200 /* FoodViewController.swift */ = {isa = PBXFileReference; lastKnownFileType = sourcecode.swift; path = FoodViewController.swift; sourceTree = "<group>"; };
		5753411225EE60F100AAB200 /* MyOrderViewController.swift */ = {isa = PBXFileReference; lastKnownFileType = sourcecode.swift; path = MyOrderViewController.swift; sourceTree = "<group>"; };
		5753411525EE611D00AAB200 /* ProfileViewController.swift */ = {isa = PBXFileReference; lastKnownFileType = sourcecode.swift; path = ProfileViewController.swift; sourceTree = "<group>"; };
		5753411A25EE629C00AAB200 /* FoodItemViewCell.swift */ = {isa = PBXFileReference; lastKnownFileType = sourcecode.swift; path = FoodItemViewCell.swift; sourceTree = "<group>"; };
		5753411B25EE629C00AAB200 /* FoodItemViewCell.xib */ = {isa = PBXFileReference; lastKnownFileType = file.xib; path = FoodItemViewCell.xib; sourceTree = "<group>"; };
		5753411F25EE6BE500AAB200 /* Models.swift */ = {isa = PBXFileReference; lastKnownFileType = sourcecode.swift; path = Models.swift; sourceTree = "<group>"; };
		5753412225EE8E5E00AAB200 /* CategoryViewCell.swift */ = {isa = PBXFileReference; lastKnownFileType = sourcecode.swift; path = CategoryViewCell.swift; sourceTree = "<group>"; };
		5753412325EE8E5E00AAB200 /* CategoryViewCell.xib */ = {isa = PBXFileReference; lastKnownFileType = file.xib; path = CategoryViewCell.xib; sourceTree = "<group>"; };
		5761261A25F303FC00FD98FE /* CartItemViewCell.swift */ = {isa = PBXFileReference; lastKnownFileType = sourcecode.swift; path = CartItemViewCell.swift; sourceTree = "<group>"; };
		5761261B25F303FC00FD98FE /* CartItemViewCell.xib */ = {isa = PBXFileReference; lastKnownFileType = file.xib; path = CartItemViewCell.xib; sourceTree = "<group>"; };
		5761262025F30DA300FD98FE /* CartViewController.swift */ = {isa = PBXFileReference; lastKnownFileType = sourcecode.swift; path = CartViewController.swift; sourceTree = "<group>"; };
		5761262825F4AB7900FD98FE /* MyOrderViewCell.swift */ = {isa = PBXFileReference; lastKnownFileType = sourcecode.swift; path = MyOrderViewCell.swift; sourceTree = "<group>"; };
		5761262925F4AB7900FD98FE /* MyOrderViewCell.xib */ = {isa = PBXFileReference; lastKnownFileType = file.xib; path = MyOrderViewCell.xib; sourceTree = "<group>"; };
		5761262F25F4D44F00FD98FE /* orderSummeryViewCell.swift */ = {isa = PBXFileReference; lastKnownFileType = sourcecode.swift; path = orderSummeryViewCell.swift; sourceTree = "<group>"; };
		5761263025F4D44F00FD98FE /* orderSummeryViewCell.xib */ = {isa = PBXFileReference; lastKnownFileType = file.xib; path = orderSummeryViewCell.xib; sourceTree = "<group>"; };
		5777293725E8E67200EA0507 /* Nibm Cafeteria.app */ = {isa = PBXFileReference; explicitFileType = wrapper.application; includeInIndex = 0; path = "Nibm Cafeteria.app"; sourceTree = BUILT_PRODUCTS_DIR; };
		5777293A25E8E67200EA0507 /* AppDelegate.swift */ = {isa = PBXFileReference; lastKnownFileType = sourcecode.swift; path = AppDelegate.swift; sourceTree = "<group>"; };
		5777293C25E8E67200EA0507 /* SceneDelegate.swift */ = {isa = PBXFileReference; lastKnownFileType = sourcecode.swift; path = SceneDelegate.swift; sourceTree = "<group>"; };
		5777293E25E8E67200EA0507 /* SignInViewController.swift */ = {isa = PBXFileReference; lastKnownFileType = sourcecode.swift; path = SignInViewController.swift; sourceTree = "<group>"; };
		5777294125E8E67200EA0507 /* Base */ = {isa = PBXFileReference; lastKnownFileType = file.storyboard; name = Base; path = Base.lproj/Main.storyboard; sourceTree = "<group>"; };
		5777294625E8E67200EA0507 /* Base */ = {isa = PBXFileReference; lastKnownFileType = file.storyboard; name = Base; path = Base.lproj/LaunchScreen.storyboard; sourceTree = "<group>"; };
		5777294825E8E67200EA0507 /* Info.plist */ = {isa = PBXFileReference; lastKnownFileType = text.plist.xml; path = Info.plist; sourceTree = "<group>"; };
		5777295125E8F25900EA0507 /* Montserrat-Regular.ttf */ = {isa = PBXFileReference; lastKnownFileType = file; path = "Montserrat-Regular.ttf"; sourceTree = "<group>"; };
		5777295225E8F25900EA0507 /* Montserrat-SemiBold.ttf */ = {isa = PBXFileReference; lastKnownFileType = file; path = "Montserrat-SemiBold.ttf"; sourceTree = "<group>"; };
		5777295325E8F25900EA0507 /* Montserrat-Medium.ttf */ = {isa = PBXFileReference; lastKnownFileType = file; path = "Montserrat-Medium.ttf"; sourceTree = "<group>"; };
		5777295425E8F25900EA0507 /* Montserrat-Bold.ttf */ = {isa = PBXFileReference; lastKnownFileType = file; path = "Montserrat-Bold.ttf"; sourceTree = "<group>"; };
		57D880B725EDD73000D41838 /* SignUpViewController.swift */ = {isa = PBXFileReference; lastKnownFileType = sourcecode.swift; path = SignUpViewController.swift; sourceTree = "<group>"; };
		57D880BA25EDD76000D41838 /* AllowLocationViewController.swift */ = {isa = PBXFileReference; lastKnownFileType = sourcecode.swift; path = AllowLocationViewController.swift; sourceTree = "<group>"; };
		57D880BD25EDD78600D41838 /* FoodDetailsViewController.swift */ = {isa = PBXFileReference; lastKnownFileType = sourcecode.swift; path = FoodDetailsViewController.swift; sourceTree = "<group>"; };
/* End PBXFileReference section */

/* Begin PBXFrameworksBuildPhase section */
		5777293425E8E67200EA0507 /* Frameworks */ = {
			isa = PBXFrameworksBuildPhase;
			buildActionMask = 2147483647;
			files = (
			);
			runOnlyForDeploymentPostprocessing = 0;
		};
/* End PBXFrameworksBuildPhase section */

/* Begin PBXGroup section */
		5753410D25EE60A300AAB200 /* Home */ = {
			isa = PBXGroup;
			children = (
				5753410F25EE60E000AAB200 /* FoodViewController.swift */,
				5753411225EE60F100AAB200 /* MyOrderViewController.swift */,
				5753411525EE611D00AAB200 /* ProfileViewController.swift */,
			);
			path = Home;
			sourceTree = "<group>";
		};
		5753411825EE620500AAB200 /* MainViews */ = {
			isa = PBXGroup;
			children = (
				5777294025E8E67200EA0507 /* Main.storyboard */,
			);
			path = MainViews;
			sourceTree = "<group>";
		};
		5753411925EE621600AAB200 /* XibViews */ = {
			isa = PBXGroup;
			children = (
				5761263A25F4E42000FD98FE /* MyProfileXib */,
				5761263925F4E40900FD98FE /* MyOrderXib */,
				5761263825F4E3F300FD98FE /* CartItemXib */,
				5761263625F4E3C200FD98FE /* CatogryXib */,
				5761263425F4D47300FD98FE /* FoodItemXib */,
			);
			path = XibViews;
			sourceTree = "<group>";
		};
		5761261F25F30D0F00FD98FE /* Cart */ = {
			isa = PBXGroup;
			children = (
				5761262025F30DA300FD98FE /* CartViewController.swift */,
			);
			path = Cart;
			sourceTree = "<group>";
		};
		5761263425F4D47300FD98FE /* FoodItemXib */ = {
			isa = PBXGroup;
			children = (
				5753411B25EE629C00AAB200 /* FoodItemViewCell.xib */,
				5753411A25EE629C00AAB200 /* FoodItemViewCell.swift */,
			);
			path = FoodItemXib;
			sourceTree = "<group>";
		};
		5761263625F4E3C200FD98FE /* CatogryXib */ = {
			isa = PBXGroup;
			children = (
				5753412325EE8E5E00AAB200 /* CategoryViewCell.xib */,
				5753412225EE8E5E00AAB200 /* CategoryViewCell.swift */,
			);
			path = CatogryXib;
			sourceTree = "<group>";
		};
		5761263825F4E3F300FD98FE /* CartItemXib */ = {
			isa = PBXGroup;
			children = (
				5761261B25F303FC00FD98FE /* CartItemViewCell.xib */,
				5761261A25F303FC00FD98FE /* CartItemViewCell.swift */,
			);
			path = CartItemXib;
			sourceTree = "<group>";
		};
		5761263925F4E40900FD98FE /* MyOrderXib */ = {
			isa = PBXGroup;
			children = (
				5761262825F4AB7900FD98FE /* MyOrderViewCell.swift */,
				5761262925F4AB7900FD98FE /* MyOrderViewCell.xib */,
			);
			path = MyOrderXib;
			sourceTree = "<group>";
		};
		5761263A25F4E42000FD98FE /* MyProfileXib */ = {
			isa = PBXGroup;
			children = (
				5761262F25F4D44F00FD98FE /* orderSummeryViewCell.swift */,
				5761263025F4D44F00FD98FE /* orderSummeryViewCell.xib */,
			);
			path = MyProfileXib;
			sourceTree = "<group>";
		};
		5761264025F4EBB100FD98FE /* OnBording */ = {
			isa = PBXGroup;
			children = (
				5761264325F4EBF300FD98FE /* Location */,
				5761264225F4EBD000FD98FE /* Sign UP */,
				5761264125F4EBC400FD98FE /* Sign In */,
			);
			path = OnBording;
			sourceTree = "<group>";
		};
		5761264125F4EBC400FD98FE /* Sign In */ = {
			isa = PBXGroup;
			children = (
				5777293E25E8E67200EA0507 /* SignInViewController.swift */,
			);
			path = "Sign In";
			sourceTree = "<group>";
		};
		5761264225F4EBD000FD98FE /* Sign UP */ = {
			isa = PBXGroup;
			children = (
				57D880B725EDD73000D41838 /* SignUpViewController.swift */,
			);
			path = "Sign UP";
			sourceTree = "<group>";
		};
		5761264325F4EBF300FD98FE /* Location */ = {
			isa = PBXGroup;
			children = (
				57D880BA25EDD76000D41838 /* AllowLocationViewController.swift */,
			);
			path = Location;
			sourceTree = "<group>";
		};
		5761264425F4EC2900FD98FE /* Food Detail */ = {
			isa = PBXGroup;
			children = (
				57D880BD25EDD78600D41838 /* FoodDetailsViewController.swift */,
			);
			path = "Food Detail";
			sourceTree = "<group>";
		};
		5777292E25E8E67200EA0507 = {
			isa = PBXGroup;
			children = (
				5777293925E8E67200EA0507 /* Nibm Cafeteria */,
				5777293825E8E67200EA0507 /* Products */,
			);
			sourceTree = "<group>";
		};
		5777293825E8E67200EA0507 /* Products */ = {
			isa = PBXGroup;
			children = (
				5777293725E8E67200EA0507 /* Nibm Cafeteria.app */,
			);
			name = Products;
			sourceTree = "<group>";
		};
		5777293925E8E67200EA0507 /* Nibm Cafeteria */ = {
			isa = PBXGroup;
			children = (
				5753410A25EDE34F00AAB200 /* Assets.xcassets */,
				5777295025E8F1E000EA0507 /* Fonts */,
				5777293A25E8E67200EA0507 /* AppDelegate.swift */,
				5777293C25E8E67200EA0507 /* SceneDelegate.swift */,
				57D880B425EDD61F00D41838 /* Model */,
				57D880B325EDD61100D41838 /* View */,
				57D880B125EDD5FD00D41838 /* Controller */,
				5777294525E8E67200EA0507 /* LaunchScreen.storyboard */,
				5777294825E8E67200EA0507 /* Info.plist */,
			);
			path = "Nibm Cafeteria";
			sourceTree = "<group>";
		};
		5777295025E8F1E000EA0507 /* Fonts */ = {
			isa = PBXGroup;
			children = (
				5777295425E8F25900EA0507 /* Montserrat-Bold.ttf */,
				5777295325E8F25900EA0507 /* Montserrat-Medium.ttf */,
				5777295125E8F25900EA0507 /* Montserrat-Regular.ttf */,
				5777295225E8F25900EA0507 /* Montserrat-SemiBold.ttf */,
			);
			path = Fonts;
			sourceTree = "<group>";
		};
		57D880B125EDD5FD00D41838 /* Controller */ = {
			isa = PBXGroup;
			children = (
				5761264425F4EC2900FD98FE /* Food Detail */,
				5761264025F4EBB100FD98FE /* OnBording */,
				5761261F25F30D0F00FD98FE /* Cart */,
				5753410D25EE60A300AAB200 /* Home */,
			);
			path = Controller;
			sourceTree = "<group>";
		};
		57D880B325EDD61100D41838 /* View */ = {
			isa = PBXGroup;
			children = (
				5753411925EE621600AAB200 /* XibViews */,
				5753411825EE620500AAB200 /* MainViews */,
			);
			path = View;
			sourceTree = "<group>";
		};
		57D880B425EDD61F00D41838 /* Model */ = {
			isa = PBXGroup;
			children = (
				5753411F25EE6BE500AAB200 /* Models.swift */,
			);
			path = Model;
			sourceTree = "<group>";
		};
/* End PBXGroup section */

/* Begin PBXNativeTarget section */
		5777293625E8E67200EA0507 /* Nibm Cafeteria */ = {
			isa = PBXNativeTarget;
			buildConfigurationList = 5777294B25E8E67200EA0507 /* Build configuration list for PBXNativeTarget "Nibm Cafeteria" */;
			buildPhases = (
				5777293325E8E67200EA0507 /* Sources */,
				5777293425E8E67200EA0507 /* Frameworks */,
				5777293525E8E67200EA0507 /* Resources */,
			);
			buildRules = (
			);
			dependencies = (
			);
			name = "Nibm Cafeteria";
			productName = "Nibm Cafeteria";
			productReference = 5777293725E8E67200EA0507 /* Nibm Cafeteria.app */;
			productType = "com.apple.product-type.application";
		};
/* End PBXNativeTarget section */

/* Begin PBXProject section */
		5777292F25E8E67200EA0507 /* Project object */ = {
			isa = PBXProject;
			attributes = {
				LastSwiftUpdateCheck = 1240;
				LastUpgradeCheck = 1240;
				TargetAttributes = {
					5777293625E8E67200EA0507 = {
						CreatedOnToolsVersion = 12.4;
					};
				};
			};
			buildConfigurationList = 5777293225E8E67200EA0507 /* Build configuration list for PBXProject "Nibm Cafeteria" */;
			compatibilityVersion = "Xcode 9.3";
			developmentRegion = en;
			hasScannedForEncodings = 0;
			knownRegions = (
				en,
				Base,
			);
			mainGroup = 5777292E25E8E67200EA0507;
			productRefGroup = 5777293825E8E67200EA0507 /* Products */;
			projectDirPath = "";
			projectRoot = "";
			targets = (
				5777293625E8E67200EA0507 /* Nibm Cafeteria */,
			);
		};
/* End PBXProject section */

/* Begin PBXResourcesBuildPhase section */
		5777293525E8E67200EA0507 /* Resources */ = {
			isa = PBXResourcesBuildPhase;
			buildActionMask = 2147483647;
			files = (
				5777295525E8F25900EA0507 /* Montserrat-Regular.ttf in Resources */,
				5777294725E8E67200EA0507 /* LaunchScreen.storyboard in Resources */,
				5761262B25F4AB7900FD98FE /* MyOrderViewCell.xib in Resources */,
				5777294225E8E67200EA0507 /* Main.storyboard in Resources */,
				5777295725E8F25900EA0507 /* Montserrat-Medium.ttf in Resources */,
				5753410B25EDE35000AAB200 /* Assets.xcassets in Resources */,
				5761263225F4D44F00FD98FE /* orderSummeryViewCell.xib in Resources */,
				5777295625E8F25900EA0507 /* Montserrat-SemiBold.ttf in Resources */,
				5777295825E8F25900EA0507 /* Montserrat-Bold.ttf in Resources */,
				5761261D25F303FC00FD98FE /* CartItemViewCell.xib in Resources */,
				5753411D25EE629C00AAB200 /* FoodItemViewCell.xib in Resources */,
				5753412525EE8E5E00AAB200 /* CategoryViewCell.xib in Resources */,
			);
			runOnlyForDeploymentPostprocessing = 0;
		};
/* End PBXResourcesBuildPhase section */

/* Begin PBXSourcesBuildPhase section */
		5777293325E8E67200EA0507 /* Sources */ = {
			isa = PBXSourcesBuildPhase;
			buildActionMask = 2147483647;
			files = (
				5753412025EE6BE500AAB200 /* Models.swift in Sources */,
				5777293F25E8E67200EA0507 /* SignInViewController.swift in Sources */,
				5761262125F30DA300FD98FE /* CartViewController.swift in Sources */,
				5753411025EE60E000AAB200 /* FoodViewController.swift in Sources */,
				57D880BB25EDD76000D41838 /* AllowLocationViewController.swift in Sources */,
				5753411C25EE629C00AAB200 /* FoodItemViewCell.swift in Sources */,
				5777293B25E8E67200EA0507 /* AppDelegate.swift in Sources */,
				57D880B825EDD73000D41838 /* SignUpViewController.swift in Sources */,
				5777293D25E8E67200EA0507 /* SceneDelegate.swift in Sources */,
				5753411625EE611D00AAB200 /* ProfileViewController.swift in Sources */,
				57D880BE25EDD78600D41838 /* FoodDetailsViewController.swift in Sources */,
				5753411325EE60F100AAB200 /* MyOrderViewController.swift in Sources */,
				5761261C25F303FC00FD98FE /* CartItemViewCell.swift in Sources */,
				5761262A25F4AB7900FD98FE /* MyOrderViewCell.swift in Sources */,
				5761263125F4D44F00FD98FE /* orderSummeryViewCell.swift in Sources */,
				5753412425EE8E5E00AAB200 /* CategoryViewCell.swift in Sources */,
			);
			runOnlyForDeploymentPostprocessing = 0;
		};
/* End PBXSourcesBuildPhase section */

/* Begin PBXVariantGroup section */
		5777294025E8E67200EA0507 /* Main.storyboard */ = {
			isa = PBXVariantGroup;
			children = (
				5777294125E8E67200EA0507 /* Base */,
			);
			name = Main.storyboard;
			sourceTree = "<group>";
		};
		5777294525E8E67200EA0507 /* LaunchScreen.storyboard */ = {
			isa = PBXVariantGroup;
			children = (
				5777294625E8E67200EA0507 /* Base */,
			);
			name = LaunchScreen.storyboard;
			sourceTree = "<group>";
		};
/* End PBXVariantGroup section */

/* Begin XCBuildConfiguration section */
		5777294925E8E67200EA0507 /* Debug */ = {
			isa = XCBuildConfiguration;
			buildSettings = {
				ALWAYS_SEARCH_USER_PATHS = NO;
				CLANG_ANALYZER_NONNULL = YES;
				CLANG_ANALYZER_NUMBER_OBJECT_CONVERSION = YES_AGGRESSIVE;
				CLANG_CXX_LANGUAGE_STANDARD = "gnu++14";
				CLANG_CXX_LIBRARY = "libc++";
				CLANG_ENABLE_MODULES = YES;
				CLANG_ENABLE_OBJC_ARC = YES;
				CLANG_ENABLE_OBJC_WEAK = YES;
				CLANG_WARN_BLOCK_CAPTURE_AUTORELEASING = YES;
				CLANG_WARN_BOOL_CONVERSION = YES;
				CLANG_WARN_COMMA = YES;
				CLANG_WARN_CONSTANT_CONVERSION = YES;
				CLANG_WARN_DEPRECATED_OBJC_IMPLEMENTATIONS = YES;
				CLANG_WARN_DIRECT_OBJC_ISA_USAGE = YES_ERROR;
				CLANG_WARN_DOCUMENTATION_COMMENTS = YES;
				CLANG_WARN_EMPTY_BODY = YES;
				CLANG_WARN_ENUM_CONVERSION = YES;
				CLANG_WARN_INFINITE_RECURSION = YES;
				CLANG_WARN_INT_CONVERSION = YES;
				CLANG_WARN_NON_LITERAL_NULL_CONVERSION = YES;
				CLANG_WARN_OBJC_IMPLICIT_RETAIN_SELF = YES;
				CLANG_WARN_OBJC_LITERAL_CONVERSION = YES;
				CLANG_WARN_OBJC_ROOT_CLASS = YES_ERROR;
				CLANG_WARN_QUOTED_INCLUDE_IN_FRAMEWORK_HEADER = YES;
				CLANG_WARN_RANGE_LOOP_ANALYSIS = YES;
				CLANG_WARN_STRICT_PROTOTYPES = YES;
				CLANG_WARN_SUSPICIOUS_MOVE = YES;
				CLANG_WARN_UNGUARDED_AVAILABILITY = YES_AGGRESSIVE;
				CLANG_WARN_UNREACHABLE_CODE = YES;
				CLANG_WARN__DUPLICATE_METHOD_MATCH = YES;
				COPY_PHASE_STRIP = NO;
				DEBUG_INFORMATION_FORMAT = dwarf;
				ENABLE_STRICT_OBJC_MSGSEND = YES;
				ENABLE_TESTABILITY = YES;
				GCC_C_LANGUAGE_STANDARD = gnu11;
				GCC_DYNAMIC_NO_PIC = NO;
				GCC_NO_COMMON_BLOCKS = YES;
				GCC_OPTIMIZATION_LEVEL = 0;
				GCC_PREPROCESSOR_DEFINITIONS = (
					"DEBUG=1",
					"$(inherited)",
				);
				GCC_WARN_64_TO_32_BIT_CONVERSION = YES;
				GCC_WARN_ABOUT_RETURN_TYPE = YES_ERROR;
				GCC_WARN_UNDECLARED_SELECTOR = YES;
				GCC_WARN_UNINITIALIZED_AUTOS = YES_AGGRESSIVE;
				GCC_WARN_UNUSED_FUNCTION = YES;
				GCC_WARN_UNUSED_VARIABLE = YES;
				IPHONEOS_DEPLOYMENT_TARGET = 14.4;
				MTL_ENABLE_DEBUG_INFO = INCLUDE_SOURCE;
				MTL_FAST_MATH = YES;
				ONLY_ACTIVE_ARCH = YES;
				SDKROOT = iphoneos;
				SWIFT_ACTIVE_COMPILATION_CONDITIONS = DEBUG;
				SWIFT_OPTIMIZATION_LEVEL = "-Onone";
			};
			name = Debug;
		};
		5777294A25E8E67200EA0507 /* Release */ = {
			isa = XCBuildConfiguration;
			buildSettings = {
				ALWAYS_SEARCH_USER_PATHS = NO;
				CLANG_ANALYZER_NONNULL = YES;
				CLANG_ANALYZER_NUMBER_OBJECT_CONVERSION = YES_AGGRESSIVE;
				CLANG_CXX_LANGUAGE_STANDARD = "gnu++14";
				CLANG_CXX_LIBRARY = "libc++";
				CLANG_ENABLE_MODULES = YES;
				CLANG_ENABLE_OBJC_ARC = YES;
				CLANG_ENABLE_OBJC_WEAK = YES;
				CLANG_WARN_BLOCK_CAPTURE_AUTORELEASING = YES;
				CLANG_WARN_BOOL_CONVERSION = YES;
				CLANG_WARN_COMMA = YES;
				CLANG_WARN_CONSTANT_CONVERSION = YES;
				CLANG_WARN_DEPRECATED_OBJC_IMPLEMENTATIONS = YES;
				CLANG_WARN_DIRECT_OBJC_ISA_USAGE = YES_ERROR;
				CLANG_WARN_DOCUMENTATION_COMMENTS = YES;
				CLANG_WARN_EMPTY_BODY = YES;
				CLANG_WARN_ENUM_CONVERSION = YES;
				CLANG_WARN_INFINITE_RECURSION = YES;
				CLANG_WARN_INT_CONVERSION = YES;
				CLANG_WARN_NON_LITERAL_NULL_CONVERSION = YES;
				CLANG_WARN_OBJC_IMPLICIT_RETAIN_SELF = YES;
				CLANG_WARN_OBJC_LITERAL_CONVERSION = YES;
				CLANG_WARN_OBJC_ROOT_CLASS = YES_ERROR;
				CLANG_WARN_QUOTED_INCLUDE_IN_FRAMEWORK_HEADER = YES;
				CLANG_WARN_RANGE_LOOP_ANALYSIS = YES;
				CLANG_WARN_STRICT_PROTOTYPES = YES;
				CLANG_WARN_SUSPICIOUS_MOVE = YES;
				CLANG_WARN_UNGUARDED_AVAILABILITY = YES_AGGRESSIVE;
				CLANG_WARN_UNREACHABLE_CODE = YES;
				CLANG_WARN__DUPLICATE_METHOD_MATCH = YES;
				COPY_PHASE_STRIP = NO;
				DEBUG_INFORMATION_FORMAT = "dwarf-with-dsym";
				ENABLE_NS_ASSERTIONS = NO;
				ENABLE_STRICT_OBJC_MSGSEND = YES;
				GCC_C_LANGUAGE_STANDARD = gnu11;
				GCC_NO_COMMON_BLOCKS = YES;
				GCC_WARN_64_TO_32_BIT_CONVERSION = YES;
				GCC_WARN_ABOUT_RETURN_TYPE = YES_ERROR;
				GCC_WARN_UNDECLARED_SELECTOR = YES;
				GCC_WARN_UNINITIALIZED_AUTOS = YES_AGGRESSIVE;
				GCC_WARN_UNUSED_FUNCTION = YES;
				GCC_WARN_UNUSED_VARIABLE = YES;
				IPHONEOS_DEPLOYMENT_TARGET = 14.4;
				MTL_ENABLE_DEBUG_INFO = NO;
				MTL_FAST_MATH = YES;
				SDKROOT = iphoneos;
				SWIFT_COMPILATION_MODE = wholemodule;
				SWIFT_OPTIMIZATION_LEVEL = "-O";
				VALIDATE_PRODUCT = YES;
			};
			name = Release;
		};
		5777294C25E8E67200EA0507 /* Debug */ = {
			isa = XCBuildConfiguration;
			buildSettings = {
				ASSETCATALOG_COMPILER_APPICON_NAME = AppIcon;
				ASSETCATALOG_COMPILER_GLOBAL_ACCENT_COLOR_NAME = AccentColor;
				CODE_SIGN_STYLE = Automatic;
				DEVELOPMENT_TEAM = 4U3FUTFJHA;
				INFOPLIST_FILE = "Nibm Cafeteria/Info.plist";
				LD_RUNPATH_SEARCH_PATHS = (
					"$(inherited)",
					"@executable_path/Frameworks",
				);
				PRODUCT_BUNDLE_IDENTIFIER = "com.nimeshlak.Nibm-Cafeteria";
				PRODUCT_NAME = "$(TARGET_NAME)";
				SWIFT_VERSION = 5.0;
				TARGETED_DEVICE_FAMILY = 1;
			};
			name = Debug;
		};
		5777294D25E8E67200EA0507 /* Release */ = {
			isa = XCBuildConfiguration;
			buildSettings = {
				ASSETCATALOG_COMPILER_APPICON_NAME = AppIcon;
				ASSETCATALOG_COMPILER_GLOBAL_ACCENT_COLOR_NAME = AccentColor;
				CODE_SIGN_STYLE = Automatic;
				DEVELOPMENT_TEAM = 4U3FUTFJHA;
				INFOPLIST_FILE = "Nibm Cafeteria/Info.plist";
				LD_RUNPATH_SEARCH_PATHS = (
					"$(inherited)",
					"@executable_path/Frameworks",
				);
				PRODUCT_BUNDLE_IDENTIFIER = "com.nimeshlak.Nibm-Cafeteria";
				PRODUCT_NAME = "$(TARGET_NAME)";
				SWIFT_VERSION = 5.0;
				TARGETED_DEVICE_FAMILY = 1;
			};
			name = Release;
		};
/* End XCBuildConfiguration section */

/* Begin XCConfigurationList section */
		5777293225E8E67200EA0507 /* Build configuration list for PBXProject "Nibm Cafeteria" */ = {
			isa = XCConfigurationList;
			buildConfigurations = (
				5777294925E8E67200EA0507 /* Debug */,
				5777294A25E8E67200EA0507 /* Release */,
			);
			defaultConfigurationIsVisible = 0;
			defaultConfigurationName = Release;
		};
		5777294B25E8E67200EA0507 /* Build configuration list for PBXNativeTarget "Nibm Cafeteria" */ = {
			isa = XCConfigurationList;
			buildConfigurations = (
				5777294C25E8E67200EA0507 /* Debug */,
				5777294D25E8E67200EA0507 /* Release */,
			);
			defaultConfigurationIsVisible = 0;
			defaultConfigurationName = Release;
		};
/* End XCConfigurationList section */
	};
	rootObject = 5777292F25E8E67200EA0507 /* Project object */;
}
